
Microsoft Visual Studio Solution File, Format Version 12.00
# Visual Studio 14
VisualStudioVersion = 14.0.25420.1
MinimumVisualStudioVersion = 10.0.40219.1
Project("{FAE04EC0-301F-11D3-BF4B-00C04F79EFBC}") = "XamarinFormsFirebase", "XamarinFormsFirebase\XamarinFormsFirebase\XamarinFormsFirebase.csproj", "{3FA43B9F-95F4-4B4A-89C6-5B60C33DC09E}"
EndProject
Project("{FAE04EC0-301F-11D3-BF4B-00C04F79EFBC}") = "XamarinFormsFirebase.Droid", "XamarinFormsFirebase\XamarinFormsFirebase.Droid\XamarinFormsFirebase.Droid.csproj", "{B8E2AD64-378B-43E7-9C3D-288FB3C274A3}"
EndProject
Project("{FAE04EC0-301F-11D3-BF4B-00C04F79EFBC}") = "XamarinFormsFirebase.iOS", "XamarinFormsFirebase\XamarinFormsFirebase.iOS\XamarinFormsFirebase.iOS.csproj", "{0BE94817-0640-45FA-AF27-B252CF6EB739}"
EndProject
Project("{FAE04EC0-301F-11D3-BF4B-00C04F79EFBC}") = "XamarinFormsFirebase.WinPhone", "XamarinFormsFirebase\XamarinFormsFirebase.WinPhone\XamarinFormsFirebase.WinPhone.csproj", "{00A62E41-0497-4008-8DAA-2615D78B5435}"
EndProject
Project("{FAE04EC0-301F-11D3-BF4B-00C04F79EFBC}") = "XamarinFormsFirebase.UWP", "XamarinFormsFirebase\XamarinFormsFirebase.UWP\XamarinFormsFirebase.UWP.csproj", "{A2E300C7-0645-4EFD-9BFF-ECA251E3CAE9}"
EndProject
Project("{FAE04EC0-301F-11D3-BF4B-00C04F79EFBC}") = "XamarinFormsFirebase.Windows", "XamarinFormsFirebase\XamarinFormsFirebase.Windows\XamarinFormsFirebase.Windows.csproj", "{ABEB7A9B-98C8-41C1-80EE-36132D8D637A}"
EndProject
Global
	GlobalSection(SolutionConfigurationPlatforms) = preSolution
		Ad-Hoc|Any CPU = Ad-Hoc|Any CPU
		Ad-Hoc|ARM = Ad-Hoc|ARM
		Ad-Hoc|iPhone = Ad-Hoc|iPhone
		Ad-Hoc|iPhoneSimulator = Ad-Hoc|iPhoneSimulator
		Ad-Hoc|x64 = Ad-Hoc|x64
		Ad-Hoc|x86 = Ad-Hoc|x86
		AppStore|Any CPU = AppStore|Any CPU
		AppStore|ARM = AppStore|ARM
		AppStore|iPhone = AppStore|iPhone
		AppStore|iPhoneSimulator = AppStore|iPhoneSimulator
		AppStore|x64 = AppStore|x64
		AppStore|x86 = AppStore|x86
		Debug|Any CPU = Debug|Any CPU
		Debug|ARM = Debug|ARM
		Debug|iPhone = Debug|iPhone
		Debug|iPhoneSimulator = Debug|iPhoneSimulator
		Debug|x64 = Debug|x64
		Debug|x86 = Debug|x86
		Release|Any CPU = Release|Any CPU
		Release|ARM = Release|ARM
		Release|iPhone = Release|iPhone
		Release|iPhoneSimulator = Release|iPhoneSimulator
		Release|x64 = Release|x64
		Release|x86 = Release|x86
	EndGlobalSection
	GlobalSection(ProjectConfigurationPlatforms) = postSolution
		{3FA43B9F-95F4-4B4A-89C6-5B60C33DC09E}.Ad-Hoc|Any CPU.ActiveCfg = Release|Any CPU
		{3FA43B9F-95F4-4B4A-89C6-5B60C33DC09E}.Ad-Hoc|Any CPU.Build.0 = Release|Any CPU
		{3FA43B9F-95F4-4B4A-89C6-5B60C33DC09E}.Ad-Hoc|ARM.ActiveCfg = Release|Any CPU
		{3FA43B9F-95F4-4B4A-89C6-5B60C33DC09E}.Ad-Hoc|ARM.Build.0 = Release|Any CPU
		{3FA43B9F-95F4-4B4A-89C6-5B60C33DC09E}.Ad-Hoc|iPhone.ActiveCfg = Release|Any CPU
		{3FA43B9F-95F4-4B4A-89C6-5B60C33DC09E}.Ad-Hoc|iPhone.Build.0 = Release|Any CPU
		{3FA43B9F-95F4-4B4A-89C6-5B60C33DC09E}.Ad-Hoc|iPhoneSimulator.ActiveCfg = Release|Any CPU
		{3FA43B9F-95F4-4B4A-89C6-5B60C33DC09E}.Ad-Hoc|iPhoneSimulator.Build.0 = Release|Any CPU
		{3FA43B9F-95F4-4B4A-89C6-5B60C33DC09E}.Ad-Hoc|x64.ActiveCfg = Release|Any CPU
		{3FA43B9F-95F4-4B4A-89C6-5B60C33DC09E}.Ad-Hoc|x64.Build.0 = Release|Any CPU
		{3FA43B9F-95F4-4B4A-89C6-5B60C33DC09E}.Ad-Hoc|x86.ActiveCfg = Release|Any CPU
		{3FA43B9F-95F4-4B4A-89C6-5B60C33DC09E}.Ad-Hoc|x86.Build.0 = Release|Any CPU
		{3FA43B9F-95F4-4B4A-89C6-5B60C33DC09E}.AppStore|Any CPU.ActiveCfg = Release|Any CPU
		{3FA43B9F-95F4-4B4A-89C6-5B60C33DC09E}.AppStore|Any CPU.Build.0 = Release|Any CPU
		{3FA43B9F-95F4-4B4A-89C6-5B60C33DC09E}.AppStore|ARM.ActiveCfg = Release|Any CPU
		{3FA43B9F-95F4-4B4A-89C6-5B60C33DC09E}.AppStore|ARM.Build.0 = Release|Any CPU
		{3FA43B9F-95F4-4B4A-89C6-5B60C33DC09E}.AppStore|iPhone.ActiveCfg = Release|Any CPU
		{3FA43B9F-95F4-4B4A-89C6-5B60C33DC09E}.AppStore|iPhone.Build.0 = Release|Any CPU
		{3FA43B9F-95F4-4B4A-89C6-5B60C33DC09E}.AppStore|iPhoneSimulator.ActiveCfg = Release|Any CPU
		{3FA43B9F-95F4-4B4A-89C6-5B60C33DC09E}.AppStore|iPhoneSimulator.Build.0 = Release|Any CPU
		{3FA43B9F-95F4-4B4A-89C6-5B60C33DC09E}.AppStore|x64.ActiveCfg = Release|Any CPU
		{3FA43B9F-95F4-4B4A-89C6-5B60C33DC09E}.AppStore|x64.Build.0 = Release|Any CPU
		{3FA43B9F-95F4-4B4A-89C6-5B60C33DC09E}.AppStore|x86.ActiveCfg = Release|Any CPU
		{3FA43B9F-95F4-4B4A-89C6-5B60C33DC09E}.AppStore|x86.Build.0 = Release|Any CPU
		{3FA43B9F-95F4-4B4A-89C6-5B60C33DC09E}.Debug|Any CPU.ActiveCfg = Debug|Any CPU
		{3FA43B9F-95F4-4B4A-89C6-5B60C33DC09E}.Debug|Any CPU.Build.0 = Debug|Any CPU
		{3FA43B9F-95F4-4B4A-89C6-5B60C33DC09E}.Debug|ARM.ActiveCfg = Debug|Any CPU
		{3FA43B9F-95F4-4B4A-89C6-5B60C33DC09E}.Debug|ARM.Build.0 = Debug|Any CPU
		{3FA43B9F-95F4-4B4A-89C6-5B60C33DC09E}.Debug|iPhone.ActiveCfg = Debug|Any CPU
		{3FA43B9F-95F4-4B4A-89C6-5B60C33DC09E}.Debug|iPhone.Build.0 = Debug|Any CPU
		{3FA43B9F-95F4-4B4A-89C6-5B60C33DC09E}.Debug|iPhoneSimulator.ActiveCfg = Debug|Any CPU
		{3FA43B9F-95F4-4B4A-89C6-5B60C33DC09E}.Debug|iPhoneSimulator.Build.0 = Debug|Any CPU
		{3FA43B9F-95F4-4B4A-89C6-5B60C33DC09E}.Debug|x64.ActiveCfg = Debug|Any CPU
		{3FA43B9F-95F4-4B4A-89C6-5B60C33DC09E}.Debug|x64.Build.0 = Debug|Any CPU
		{3FA43B9F-95F4-4B4A-89C6-5B60C33DC09E}.Debug|x86.ActiveCfg = Debug|Any CPU
		{3FA43B9F-95F4-4B4A-89C6-5B60C33DC09E}.Debug|x86.Build.0 = Debug|Any CPU
		{3FA43B9F-95F4-4B4A-89C6-5B60C33DC09E}.Release|Any CPU.ActiveCfg = Release|Any CPU
		{3FA43B9F-95F4-4B4A-89C6-5B60C33DC09E}.Release|Any CPU.Build.0 = Release|Any CPU
		{3FA43B9F-95F4-4B4A-89C6-5B60C33DC09E}.Release|ARM.ActiveCfg = Release|Any CPU
		{3FA43B9F-95F4-4B4A-89C6-5B60C33DC09E}.Release|ARM.Build.0 = Release|Any CPU
		{3FA43B9F-95F4-4B4A-89C6-5B60C33DC09E}.Release|iPhone.ActiveCfg = Release|Any CPU
		{3FA43B9F-95F4-4B4A-89C6-5B60C33DC09E}.Release|iPhone.Build.0 = Release|Any CPU
		{3FA43B9F-95F4-4B4A-89C6-5B60C33DC09E}.Release|iPhoneSimulator.ActiveCfg = Release|Any CPU
		{3FA43B9F-95F4-4B4A-89C6-5B60C33DC09E}.Release|iPhoneSimulator.Build.0 = Release|Any CPU
		{3FA43B9F-95F4-4B4A-89C6-5B60C33DC09E}.Release|x64.ActiveCfg = Release|Any CPU
		{3FA43B9F-95F4-4B4A-89C6-5B60C33DC09E}.Release|x64.Build.0 = Release|Any CPU
		{3FA43B9F-95F4-4B4A-89C6-5B60C33DC09E}.Release|x86.ActiveCfg = Release|Any CPU
		{3FA43B9F-95F4-4B4A-89C6-5B60C33DC09E}.Release|x86.Build.0 = Release|Any CPU
		{B8E2AD64-378B-43E7-9C3D-288FB3C274A3}.Ad-Hoc|Any CPU.ActiveCfg = Release|Any CPU
		{B8E2AD64-378B-43E7-9C3D-288FB3C274A3}.Ad-Hoc|Any CPU.Build.0 = Release|Any CPU
		{B8E2AD64-378B-43E7-9C3D-288FB3C274A3}.Ad-Hoc|Any CPU.Deploy.0 = Release|Any CPU
		{B8E2AD64-378B-43E7-9C3D-288FB3C274A3}.Ad-Hoc|ARM.ActiveCfg = Release|Any CPU
		{B8E2AD64-378B-43E7-9C3D-288FB3C274A3}.Ad-Hoc|ARM.Build.0 = Release|Any CPU
		{B8E2AD64-378B-43E7-9C3D-288FB3C274A3}.Ad-Hoc|ARM.Deploy.0 = Release|Any CPU
		{B8E2AD64-378B-43E7-9C3D-288FB3C274A3}.Ad-Hoc|iPhone.ActiveCfg = Release|Any CPU
		{B8E2AD64-378B-43E7-9C3D-288FB3C274A3}.Ad-Hoc|iPhone.Build.0 = Release|Any CPU
		{B8E2AD64-378B-43E7-9C3D-288FB3C274A3}.Ad-Hoc|iPhone.Deploy.0 = Release|Any CPU
		{B8E2AD64-378B-43E7-9C3D-288FB3C274A3}.Ad-Hoc|iPhoneSimulator.ActiveCfg = Release|Any CPU
		{B8E2AD64-378B-43E7-9C3D-288FB3C274A3}.Ad-Hoc|iPhoneSimulator.Build.0 = Release|Any CPU
		{B8E2AD64-378B-43E7-9C3D-288FB3C274A3}.Ad-Hoc|iPhoneSimulator.Deploy.0 = Release|Any CPU
		{B8E2AD64-378B-43E7-9C3D-288FB3C274A3}.Ad-Hoc|x64.ActiveCfg = Release|Any CPU
		{B8E2AD64-378B-43E7-9C3D-288FB3C274A3}.Ad-Hoc|x64.Build.0 = Release|Any CPU
		{B8E2AD64-378B-43E7-9C3D-288FB3C274A3}.Ad-Hoc|x64.Deploy.0 = Release|Any CPU
		{B8E2AD64-378B-43E7-9C3D-288FB3C274A3}.Ad-Hoc|x86.ActiveCfg = Release|Any CPU
		{B8E2AD64-378B-43E7-9C3D-288FB3C274A3}.Ad-Hoc|x86.Build.0 = Release|Any CPU
		{B8E2AD64-378B-43E7-9C3D-288FB3C274A3}.Ad-Hoc|x86.Deploy.0 = Release|Any CPU
		{B8E2AD64-378B-43E7-9C3D-288FB3C274A3}.AppStore|Any CPU.ActiveCfg = Release|Any CPU
		{B8E2AD64-378B-43E7-9C3D-288FB3C274A3}.AppStore|Any CPU.Build.0 = Release|Any CPU
		{B8E2AD64-378B-43E7-9C3D-288FB3C274A3}.AppStore|Any CPU.Deploy.0 = Release|Any CPU
		{B8E2AD64-378B-43E7-9C3D-288FB3C274A3}.AppStore|ARM.ActiveCfg = Release|Any CPU
		{B8E2AD64-378B-43E7-9C3D-288FB3C274A3}.AppStore|ARM.Build.0 = Release|Any CPU
		{B8E2AD64-378B-43E7-9C3D-288FB3C274A3}.AppStore|ARM.Deploy.0 = Release|Any CPU
		{B8E2AD64-378B-43E7-9C3D-288FB3C274A3}.AppStore|iPhone.ActiveCfg = Release|Any CPU
		{B8E2AD64-378B-43E7-9C3D-288FB3C274A3}.AppStore|iPhone.Build.0 = Release|Any CPU
		{B8E2AD64-378B-43E7-9C3D-288FB3C274A3}.AppStore|iPhone.Deploy.0 = Release|Any CPU
		{B8E2AD64-378B-43E7-9C3D-288FB3C274A3}.AppStore|iPhoneSimulator.ActiveCfg = Release|Any CPU
		{B8E2AD64-378B-43E7-9C3D-288FB3C274A3}.AppStore|iPhoneSimulator.Build.0 = Release|Any CPU
		{B8E2AD64-378B-43E7-9C3D-288FB3C274A3}.AppStore|iPhoneSimulator.Deploy.0 = Release|Any CPU
		{B8E2AD64-378B-43E7-9C3D-288FB3C274A3}.AppStore|x64.ActiveCfg = Release|Any CPU
		{B8E2AD64-378B-43E7-9C3D-288FB3C274A3}.AppStore|x64.Build.0 = Release|Any CPU
		{B8E2AD64-378B-43E7-9C3D-288FB3C274A3}.AppStore|x64.Deploy.0 = Release|Any CPU
		{B8E2AD64-378B-43E7-9C3D-288FB3C274A3}.AppStore|x86.ActiveCfg = Release|Any CPU
		{B8E2AD64-378B-43E7-9C3D-288FB3C274A3}.AppStore|x86.Build.0 = Release|Any CPU
		{B8E2AD64-378B-43E7-9C3D-288FB3C274A3}.AppStore|x86.Deploy.0 = Release|Any CPU
		{B8E2AD64-378B-43E7-9C3D-288FB3C274A3}.Debug|Any CPU.ActiveCfg = Debug|Any CPU
		{B8E2AD64-378B-43E7-9C3D-288FB3C274A3}.Debug|Any CPU.Build.0 = Debug|Any CPU
		{B8E2AD64-378B-43E7-9C3D-288FB3C274A3}.Debug|Any CPU.Deploy.0 = Debug|Any CPU
		{B8E2AD64-378B-43E7-9C3D-288FB3C274A3}.Debug|ARM.ActiveCfg = Debug|Any CPU
		{B8E2AD64-378B-43E7-9C3D-288FB3C274A3}.Debug|ARM.Build.0 = Debug|Any CPU
		{B8E2AD64-378B-43E7-9C3D-288FB3C274A3}.Debug|ARM.Deploy.0 = Debug|Any CPU
		{B8E2AD64-378B-43E7-9C3D-288FB3C274A3}.Debug|iPhone.ActiveCfg = Debug|Any CPU
		{B8E2AD64-378B-43E7-9C3D-288FB3C274A3}.Debug|iPhone.Build.0 = Debug|Any CPU
		{B8E2AD64-378B-43E7-9C3D-288FB3C274A3}.Debug|iPhone.Deploy.0 = Debug|Any CPU
		{B8E2AD64-378B-43E7-9C3D-288FB3C274A3}.Debug|iPhoneSimulator.ActiveCfg = Debug|Any CPU
		{B8E2AD64-378B-43E7-9C3D-288FB3C274A3}.Debug|iPhoneSimulator.Build.0 = Debug|Any CPU
		{B8E2AD64-378B-43E7-9C3D-288FB3C274A3}.Debug|iPhoneSimulator.Deploy.0 = Debug|Any CPU
		{B8E2AD64-378B-43E7-9C3D-288FB3C274A3}.Debug|x64.ActiveCfg = Debug|Any CPU
		{B8E2AD64-378B-43E7-9C3D-288FB3C274A3}.Debug|x64.Build.0 = Debug|Any CPU
		{B8E2AD64-378B-43E7-9C3D-288FB3C274A3}.Debug|x64.Deploy.0 = Debug|Any CPU
		{B8E2AD64-378B-43E7-9C3D-288FB3C274A3}.Debug|x86.ActiveCfg = Debug|Any CPU
		{B8E2AD64-378B-43E7-9C3D-288FB3C274A3}.Debug|x86.Build.0 = Debug|Any CPU
		{B8E2AD64-378B-43E7-9C3D-288FB3C274A3}.Debug|x86.Deploy.0 = Debug|Any CPU
		{B8E2AD64-378B-43E7-9C3D-288FB3C274A3}.Release|Any CPU.ActiveCfg = Release|Any CPU
		{B8E2AD64-378B-43E7-9C3D-288FB3C274A3}.Release|Any CPU.Build.0 = Release|Any CPU
		{B8E2AD64-378B-43E7-9C3D-288FB3C274A3}.Release|Any CPU.Deploy.0 = Release|Any CPU
		{B8E2AD64-378B-43E7-9C3D-288FB3C274A3}.Release|ARM.ActiveCfg = Release|Any CPU
		{B8E2AD64-378B-43E7-9C3D-288FB3C274A3}.Release|ARM.Build.0 = Release|Any CPU
		{B8E2AD64-378B-43E7-9C3D-288FB3C274A3}.Release|ARM.Deploy.0 = Release|Any CPU
		{B8E2AD64-378B-43E7-9C3D-288FB3C274A3}.Release|iPhone.ActiveCfg = Release|Any CPU
		{B8E2AD64-378B-43E7-9C3D-288FB3C274A3}.Release|iPhone.Build.0 = Release|Any CPU
		{B8E2AD64-378B-43E7-9C3D-288FB3C274A3}.Release|iPhone.Deploy.0 = Release|Any CPU
		{B8E2AD64-378B-43E7-9C3D-288FB3C274A3}.Release|iPhoneSimulator.ActiveCfg = Release|Any CPU
		{B8E2AD64-378B-43E7-9C3D-288FB3C274A3}.Release|iPhoneSimulator.Build.0 = Release|Any CPU
		{B8E2AD64-378B-43E7-9C3D-288FB3C274A3}.Release|iPhoneSimulator.Deploy.0 = Release|Any CPU
		{B8E2AD64-378B-43E7-9C3D-288FB3C274A3}.Release|x64.ActiveCfg = Release|Any CPU
		{B8E2AD64-378B-43E7-9C3D-288FB3C274A3}.Release|x64.Build.0 = Release|Any CPU
		{B8E2AD64-378B-43E7-9C3D-288FB3C274A3}.Release|x64.Deploy.0 = Release|Any CPU
		{B8E2AD64-378B-43E7-9C3D-288FB3C274A3}.Release|x86.ActiveCfg = Release|Any CPU
		{B8E2AD64-378B-43E7-9C3D-288FB3C274A3}.Release|x86.Build.0 = Release|Any CPU
		{B8E2AD64-378B-43E7-9C3D-288FB3C274A3}.Release|x86.Deploy.0 = Release|Any CPU
		{0BE94817-0640-45FA-AF27-B252CF6EB739}.Ad-Hoc|Any CPU.ActiveCfg = Ad-Hoc|iPhone
		{0BE94817-0640-45FA-AF27-B252CF6EB739}.Ad-Hoc|ARM.ActiveCfg = Ad-Hoc|iPhone
		{0BE94817-0640-45FA-AF27-B252CF6EB739}.Ad-Hoc|iPhone.ActiveCfg = Ad-Hoc|iPhone
		{0BE94817-0640-45FA-AF27-B252CF6EB739}.Ad-Hoc|iPhone.Build.0 = Ad-Hoc|iPhone
		{0BE94817-0640-45FA-AF27-B252CF6EB739}.Ad-Hoc|iPhoneSimulator.ActiveCfg = Ad-Hoc|iPhoneSimulator
		{0BE94817-0640-45FA-AF27-B252CF6EB739}.Ad-Hoc|iPhoneSimulator.Build.0 = Ad-Hoc|iPhoneSimulator
		{0BE94817-0640-45FA-AF27-B252CF6EB739}.Ad-Hoc|x64.ActiveCfg = Ad-Hoc|iPhone
		{0BE94817-0640-45FA-AF27-B252CF6EB739}.Ad-Hoc|x86.ActiveCfg = Ad-Hoc|iPhone
		{0BE94817-0640-45FA-AF27-B252CF6EB739}.AppStore|Any CPU.ActiveCfg = AppStore|iPhone
		{0BE94817-0640-45FA-AF27-B252CF6EB739}.AppStore|ARM.ActiveCfg = AppStore|iPhone
		{0BE94817-0640-45FA-AF27-B252CF6EB739}.AppStore|iPhone.ActiveCfg = AppStore|iPhone
		{0BE94817-0640-45FA-AF27-B252CF6EB739}.AppStore|iPhone.Build.0 = AppStore|iPhone
		{0BE94817-0640-45FA-AF27-B252CF6EB739}.AppStore|iPhoneSimulator.ActiveCfg = AppStore|iPhoneSimulator
		{0BE94817-0640-45FA-AF27-B252CF6EB739}.AppStore|iPhoneSimulator.Build.0 = AppStore|iPhoneSimulator
		{0BE94817-0640-45FA-AF27-B252CF6EB739}.AppStore|x64.ActiveCfg = AppStore|iPhone
		{0BE94817-0640-45FA-AF27-B252CF6EB739}.AppStore|x86.ActiveCfg = AppStore|iPhone
		{0BE94817-0640-45FA-AF27-B252CF6EB739}.Debug|Any CPU.ActiveCfg = Debug|iPhone
		{0BE94817-0640-45FA-AF27-B252CF6EB739}.Debug|ARM.ActiveCfg = Debug|iPhone
		{0BE94817-0640-45FA-AF27-B252CF6EB739}.Debug|iPhone.ActiveCfg = Debug|iPhone
		{0BE94817-0640-45FA-AF27-B252CF6EB739}.Debug|iPhone.Build.0 = Debug|iPhone
		{0BE94817-0640-45FA-AF27-B252CF6EB739}.Debug|iPhoneSimulator.ActiveCfg = Debug|iPhoneSimulator
		{0BE94817-0640-45FA-AF27-B252CF6EB739}.Debug|iPhoneSimulator.Build.0 = Debug|iPhoneSimulator
		{0BE94817-0640-45FA-AF27-B252CF6EB739}.Debug|x64.ActiveCfg = Debug|iPhone
		{0BE94817-0640-45FA-AF27-B252CF6EB739}.Debug|x86.ActiveCfg = Debug|iPhone
		{0BE94817-0640-45FA-AF27-B252CF6EB739}.Release|Any CPU.ActiveCfg = Release|iPhone
		{0BE94817-0640-45FA-AF27-B252CF6EB739}.Release|ARM.ActiveCfg = Release|iPhone
		{0BE94817-0640-45FA-AF27-B252CF6EB739}.Release|iPhone.ActiveCfg = Release|iPhone
		{0BE94817-0640-45FA-AF27-B252CF6EB739}.Release|iPhone.Build.0 = Release|iPhone
		{0BE94817-0640-45FA-AF27-B252CF6EB739}.Release|iPhoneSimulator.ActiveCfg = Release|iPhoneSimulator
		{0BE94817-0640-45FA-AF27-B252CF6EB739}.Release|iPhoneSimulator.Build.0 = Release|iPhoneSimulator
		{0BE94817-0640-45FA-AF27-B252CF6EB739}.Release|x64.ActiveCfg = Release|iPhone
		{0BE94817-0640-45FA-AF27-B252CF6EB739}.Release|x86.ActiveCfg = Release|iPhone
		{00A62E41-0497-4008-8DAA-2615D78B5435}.Ad-Hoc|Any CPU.ActiveCfg = Release|Any CPU
		{00A62E41-0497-4008-8DAA-2615D78B5435}.Ad-Hoc|Any CPU.Build.0 = Release|Any CPU
		{00A62E41-0497-4008-8DAA-2615D78B5435}.Ad-Hoc|Any CPU.Deploy.0 = Release|Any CPU
		{00A62E41-0497-4008-8DAA-2615D78B5435}.Ad-Hoc|ARM.ActiveCfg = Release|ARM
		{00A62E41-0497-4008-8DAA-2615D78B5435}.Ad-Hoc|ARM.Build.0 = Release|ARM
		{00A62E41-0497-4008-8DAA-2615D78B5435}.Ad-Hoc|ARM.Deploy.0 = Release|ARM
		{00A62E41-0497-4008-8DAA-2615D78B5435}.Ad-Hoc|iPhone.ActiveCfg = Release|Any CPU
		{00A62E41-0497-4008-8DAA-2615D78B5435}.Ad-Hoc|iPhone.Build.0 = Release|Any CPU
		{00A62E41-0497-4008-8DAA-2615D78B5435}.Ad-Hoc|iPhone.Deploy.0 = Release|Any CPU
		{00A62E41-0497-4008-8DAA-2615D78B5435}.Ad-Hoc|iPhoneSimulator.ActiveCfg = Release|Any CPU
		{00A62E41-0497-4008-8DAA-2615D78B5435}.Ad-Hoc|iPhoneSimulator.Build.0 = Release|Any CPU
		{00A62E41-0497-4008-8DAA-2615D78B5435}.Ad-Hoc|iPhoneSimulator.Deploy.0 = Release|Any CPU
		{00A62E41-0497-4008-8DAA-2615D78B5435}.Ad-Hoc|x64.ActiveCfg = Release|Any CPU
		{00A62E41-0497-4008-8DAA-2615D78B5435}.Ad-Hoc|x64.Build.0 = Release|Any CPU
		{00A62E41-0497-4008-8DAA-2615D78B5435}.Ad-Hoc|x64.Deploy.0 = Release|Any CPU
		{00A62E41-0497-4008-8DAA-2615D78B5435}.Ad-Hoc|x86.ActiveCfg = Release|x86
		{00A62E41-0497-4008-8DAA-2615D78B5435}.Ad-Hoc|x86.Build.0 = Release|x86
		{00A62E41-0497-4008-8DAA-2615D78B5435}.Ad-Hoc|x86.Deploy.0 = Release|x86
		{00A62E41-0497-4008-8DAA-2615D78B5435}.AppStore|Any CPU.ActiveCfg = Release|Any CPU
		{00A62E41-0497-4008-8DAA-2615D78B5435}.AppStore|Any CPU.Build.0 = Release|Any CPU
		{00A62E41-0497-4008-8DAA-2615D78B5435}.AppStore|Any CPU.Deploy.0 = Release|Any CPU
		{00A62E41-0497-4008-8DAA-2615D78B5435}.AppStore|ARM.ActiveCfg = Release|ARM
		{00A62E41-0497-4008-8DAA-2615D78B5435}.AppStore|ARM.Build.0 = Release|ARM
		{00A62E41-0497-4008-8DAA-2615D78B5435}.AppStore|ARM.Deploy.0 = Release|ARM
		{00A62E41-0497-4008-8DAA-2615D78B5435}.AppStore|iPhone.ActiveCfg = Release|Any CPU
		{00A62E41-0497-4008-8DAA-2615D78B5435}.AppStore|iPhone.Build.0 = Release|Any CPU
		{00A62E41-0497-4008-8DAA-2615D78B5435}.AppStore|iPhone.Deploy.0 = Release|Any CPU
		{00A62E41-0497-4008-8DAA-2615D78B5435}.AppStore|iPhoneSimulator.ActiveCfg = Release|Any CPU
		{00A62E41-0497-4008-8DAA-2615D78B5435}.AppStore|iPhoneSimulator.Build.0 = Release|Any CPU
		{00A62E41-0497-4008-8DAA-2615D78B5435}.AppStore|iPhoneSimulator.Deploy.0 = Release|Any CPU
		{00A62E41-0497-4008-8DAA-2615D78B5435}.AppStore|x64.ActiveCfg = Release|Any CPU
		{00A62E41-0497-4008-8DAA-2615D78B5435}.AppStore|x64.Build.0 = Release|Any CPU
		{00A62E41-0497-4008-8DAA-2615D78B5435}.AppStore|x64.Deploy.0 = Release|Any CPU
		{00A62E41-0497-4008-8DAA-2615D78B5435}.AppStore|x86.ActiveCfg = Release|x86
		{00A62E41-0497-4008-8DAA-2615D78B5435}.AppStore|x86.Build.0 = Release|x86
		{00A62E41-0497-4008-8DAA-2615D78B5435}.AppStore|x86.Deploy.0 = Release|x86
		{00A62E41-0497-4008-8DAA-2615D78B5435}.Debug|Any CPU.ActiveCfg = Debug|Any CPU
		{00A62E41-0497-4008-8DAA-2615D78B5435}.Debug|Any CPU.Build.0 = Debug|Any CPU
		{00A62E41-0497-4008-8DAA-2615D78B5435}.Debug|Any CPU.Deploy.0 = Debug|Any CPU
		{00A62E41-0497-4008-8DAA-2615D78B5435}.Debug|ARM.ActiveCfg = Debug|ARM
		{00A62E41-0497-4008-8DAA-2615D78B5435}.Debug|ARM.Build.0 = Debug|ARM
		{00A62E41-0497-4008-8DAA-2615D78B5435}.Debug|ARM.Deploy.0 = Debug|ARM
		{00A62E41-0497-4008-8DAA-2615D78B5435}.Debug|iPhone.ActiveCfg = Debug|Any CPU
		{00A62E41-0497-4008-8DAA-2615D78B5435}.Debug|iPhone.Build.0 = Debug|Any CPU
		{00A62E41-0497-4008-8DAA-2615D78B5435}.Debug|iPhone.Deploy.0 = Debug|Any CPU
		{00A62E41-0497-4008-8DAA-2615D78B5435}.Debug|iPhoneSimulator.ActiveCfg = Debug|Any CPU
		{00A62E41-0497-4008-8DAA-2615D78B5435}.Debug|iPhoneSimulator.Build.0 = Debug|Any CPU
		{00A62E41-0497-4008-8DAA-2615D78B5435}.Debug|iPhoneSimulator.Deploy.0 = Debug|Any CPU
		{00A62E41-0497-4008-8DAA-2615D78B5435}.Debug|x64.ActiveCfg = Debug|Any CPU
		{00A62E41-0497-4008-8DAA-2615D78B5435}.Debug|x64.Build.0 = Debug|Any CPU
		{00A62E41-0497-4008-8DAA-2615D78B5435}.Debug|x64.Deploy.0 = Debug|Any CPU
		{00A62E41-0497-4008-8DAA-2615D78B5435}.Debug|x86.ActiveCfg = Debug|x86
		{00A62E41-0497-4008-8DAA-2615D78B5435}.Debug|x86.Build.0 = Debug|x86
		{00A62E41-0497-4008-8DAA-2615D78B5435}.Debug|x86.Deploy.0 = Debug|x86
		{00A62E41-0497-4008-8DAA-2615D78B5435}.Release|Any CPU.ActiveCfg = Release|Any CPU
		{00A62E41-0497-4008-8DAA-2615D78B5435}.Release|Any CPU.Build.0 = Release|Any CPU
		{00A62E41-0497-4008-8DAA-2615D78B5435}.Release|Any CPU.Deploy.0 = Release|Any CPU
		{00A62E41-0497-4008-8DAA-2615D78B5435}.Release|ARM.ActiveCfg = Release|ARM
		{00A62E41-0497-4008-8DAA-2615D78B5435}.Release|ARM.Build.0 = Release|ARM
		{00A62E41-0497-4008-8DAA-2615D78B5435}.Release|ARM.Deploy.0 = Release|ARM
		{00A62E41-0497-4008-8DAA-2615D78B5435}.Release|iPhone.ActiveCfg = Release|Any CPU
		{00A62E41-0497-4008-8DAA-2615D78B5435}.Release|iPhone.Build.0 = Release|Any CPU
		{00A62E41-0497-4008-8DAA-2615D78B5435}.Release|iPhone.Deploy.0 = Release|Any CPU
		{00A62E41-0497-4008-8DAA-2615D78B5435}.Release|iPhoneSimulator.ActiveCfg = Release|Any CPU
		{00A62E41-0497-4008-8DAA-2615D78B5435}.Release|iPhoneSimulator.Build.0 = Release|Any CPU
		{00A62E41-0497-4008-8DAA-2615D78B5435}.Release|iPhoneSimulator.Deploy.0 = Release|Any CPU
		{00A62E41-0497-4008-8DAA-2615D78B5435}.Release|x64.ActiveCfg = Release|Any CPU
		{00A62E41-0497-4008-8DAA-2615D78B5435}.Release|x64.Build.0 = Release|Any CPU
		{00A62E41-0497-4008-8DAA-2615D78B5435}.Release|x64.Deploy.0 = Release|Any CPU
		{00A62E41-0497-4008-8DAA-2615D78B5435}.Release|x86.ActiveCfg = Release|x86
		{00A62E41-0497-4008-8DAA-2615D78B5435}.Release|x86.Build.0 = Release|x86
		{00A62E41-0497-4008-8DAA-2615D78B5435}.Release|x86.Deploy.0 = Release|x86
		{A2E300C7-0645-4EFD-9BFF-ECA251E3CAE9}.Ad-Hoc|Any CPU.ActiveCfg = Release|x86
		{A2E300C7-0645-4EFD-9BFF-ECA251E3CAE9}.Ad-Hoc|Any CPU.Build.0 = Release|x86
		{A2E300C7-0645-4EFD-9BFF-ECA251E3CAE9}.Ad-Hoc|Any CPU.Deploy.0 = Release|x86
		{A2E300C7-0645-4EFD-9BFF-ECA251E3CAE9}.Ad-Hoc|ARM.ActiveCfg = Release|ARM
		{A2E300C7-0645-4EFD-9BFF-ECA251E3CAE9}.Ad-Hoc|ARM.Build.0 = Release|ARM
		{A2E300C7-0645-4EFD-9BFF-ECA251E3CAE9}.Ad-Hoc|ARM.Deploy.0 = Release|ARM
		{A2E300C7-0645-4EFD-9BFF-ECA251E3CAE9}.Ad-Hoc|iPhone.ActiveCfg = Release|x86
		{A2E300C7-0645-4EFD-9BFF-ECA251E3CAE9}.Ad-Hoc|iPhone.Build.0 = Release|x86
		{A2E300C7-0645-4EFD-9BFF-ECA251E3CAE9}.Ad-Hoc|iPhone.Deploy.0 = Release|x86
		{A2E300C7-0645-4EFD-9BFF-ECA251E3CAE9}.Ad-Hoc|iPhoneSimulator.ActiveCfg = Release|x86
		{A2E300C7-0645-4EFD-9BFF-ECA251E3CAE9}.Ad-Hoc|iPhoneSimulator.Build.0 = Release|x86
		{A2E300C7-0645-4EFD-9BFF-ECA251E3CAE9}.Ad-Hoc|iPhoneSimulator.Deploy.0 = Release|x86
		{A2E300C7-0645-4EFD-9BFF-ECA251E3CAE9}.Ad-Hoc|x64.ActiveCfg = Release|x64
		{A2E300C7-0645-4EFD-9BFF-ECA251E3CAE9}.Ad-Hoc|x64.Build.0 = Release|x64
		{A2E300C7-0645-4EFD-9BFF-ECA251E3CAE9}.Ad-Hoc|x64.Deploy.0 = Release|x64
		{A2E300C7-0645-4EFD-9BFF-ECA251E3CAE9}.Ad-Hoc|x86.ActiveCfg = Release|x86
		{A2E300C7-0645-4EFD-9BFF-ECA251E3CAE9}.Ad-Hoc|x86.Build.0 = Release|x86
		{A2E300C7-0645-4EFD-9BFF-ECA251E3CAE9}.Ad-Hoc|x86.Deploy.0 = Release|x86
		{A2E300C7-0645-4EFD-9BFF-ECA251E3CAE9}.AppStore|Any CPU.ActiveCfg = Release|x86
		{A2E300C7-0645-4EFD-9BFF-ECA251E3CAE9}.AppStore|Any CPU.Build.0 = Release|x86
		{A2E300C7-0645-4EFD-9BFF-ECA251E3CAE9}.AppStore|Any CPU.Deploy.0 = Release|x86
		{A2E300C7-0645-4EFD-9BFF-ECA251E3CAE9}.AppStore|ARM.ActiveCfg = Release|ARM
		{A2E300C7-0645-4EFD-9BFF-ECA251E3CAE9}.AppStore|ARM.Build.0 = Release|ARM
		{A2E300C7-0645-4EFD-9BFF-ECA251E3CAE9}.AppStore|ARM.Deploy.0 = Release|ARM
		{A2E300C7-0645-4EFD-9BFF-ECA251E3CAE9}.AppStore|iPhone.ActiveCfg = Release|x86
		{A2E300C7-0645-4EFD-9BFF-ECA251E3CAE9}.AppStore|iPhone.Build.0 = Release|x86
		{A2E300C7-0645-4EFD-9BFF-ECA251E3CAE9}.AppStore|iPhone.Deploy.0 = Release|x86
		{A2E300C7-0645-4EFD-9BFF-ECA251E3CAE9}.AppStore|iPhoneSimulator.ActiveCfg = Release|x86
		{A2E300C7-0645-4EFD-9BFF-ECA251E3CAE9}.AppStore|iPhoneSimulator.Build.0 = Release|x86
		{A2E300C7-0645-4EFD-9BFF-ECA251E3CAE9}.AppStore|iPhoneSimulator.Deploy.0 = Release|x86
		{A2E300C7-0645-4EFD-9BFF-ECA251E3CAE9}.AppStore|x64.ActiveCfg = Release|x64
		{A2E300C7-0645-4EFD-9BFF-ECA251E3CAE9}.AppStore|x64.Build.0 = Release|x64
		{A2E300C7-0645-4EFD-9BFF-ECA251E3CAE9}.AppStore|x64.Deploy.0 = Release|x64
		{A2E300C7-0645-4EFD-9BFF-ECA251E3CAE9}.AppStore|x86.ActiveCfg = Release|x86
		{A2E300C7-0645-4EFD-9BFF-ECA251E3CAE9}.AppStore|x86.Build.0 = Release|x86
		{A2E300C7-0645-4EFD-9BFF-ECA251E3CAE9}.AppStore|x86.Deploy.0 = Release|x86
		{A2E300C7-0645-4EFD-9BFF-ECA251E3CAE9}.Debug|Any CPU.ActiveCfg = Debug|x86
		{A2E300C7-0645-4EFD-9BFF-ECA251E3CAE9}.Debug|ARM.ActiveCfg = Debug|ARM
		{A2E300C7-0645-4EFD-9BFF-ECA251E3CAE9}.Debug|ARM.Build.0 = Debug|ARM
		{A2E300C7-0645-4EFD-9BFF-ECA251E3CAE9}.Debug|ARM.Deploy.0 = Debug|ARM
		{A2E300C7-0645-4EFD-9BFF-ECA251E3CAE9}.Debug|iPhone.ActiveCfg = Debug|x86
		{A2E300C7-0645-4EFD-9BFF-ECA251E3CAE9}.Debug|iPhoneSimulator.ActiveCfg = Debug|x86
		{A2E300C7-0645-4EFD-9BFF-ECA251E3CAE9}.Debug|x64.ActiveCfg = Debug|x64
		{A2E300C7-0645-4EFD-9BFF-ECA251E3CAE9}.Debug|x64.Build.0 = Debug|x64
		{A2E300C7-0645-4EFD-9BFF-ECA251E3CAE9}.Debug|x64.Deploy.0 = Debug|x64
		{A2E300C7-0645-4EFD-9BFF-ECA251E3CAE9}.Debug|x86.ActiveCfg = Debug|x86
		{A2E300C7-0645-4EFD-9BFF-ECA251E3CAE9}.Debug|x86.Build.0 = Debug|x86
		{A2E300C7-0645-4EFD-9BFF-ECA251E3CAE9}.Debug|x86.Deploy.0 = Debug|x86
		{A2E300C7-0645-4EFD-9BFF-ECA251E3CAE9}.Release|Any CPU.ActiveCfg = Release|x86
		{A2E300C7-0645-4EFD-9BFF-ECA251E3CAE9}.Release|ARM.ActiveCfg = Release|ARM
		{A2E300C7-0645-4EFD-9BFF-ECA251E3CAE9}.Release|ARM.Build.0 = Release|ARM
		{A2E300C7-0645-4EFD-9BFF-ECA251E3CAE9}.Release|ARM.Deploy.0 = Release|ARM
		{A2E300C7-0645-4EFD-9BFF-ECA251E3CAE9}.Release|iPhone.ActiveCfg = Release|x86
		{A2E300C7-0645-4EFD-9BFF-ECA251E3CAE9}.Release|iPhoneSimulator.ActiveCfg = Release|x86
		{A2E300C7-0645-4EFD-9BFF-ECA251E3CAE9}.Release|x64.ActiveCfg = Release|x64
		{A2E300C7-0645-4EFD-9BFF-ECA251E3CAE9}.Release|x64.Build.0 = Release|x64
		{A2E300C7-0645-4EFD-9BFF-ECA251E3CAE9}.Release|x64.Deploy.0 = Release|x64
		{A2E300C7-0645-4EFD-9BFF-ECA251E3CAE9}.Release|x86.ActiveCfg = Release|x86
		{A2E300C7-0645-4EFD-9BFF-ECA251E3CAE9}.Release|x86.Build.0 = Release|x86
		{A2E300C7-0645-4EFD-9BFF-ECA251E3CAE9}.Release|x86.Deploy.0 = Release|x86
		{ABEB7A9B-98C8-41C1-80EE-36132D8D637A}.Ad-Hoc|Any CPU.ActiveCfg = Release|Any CPU
		{ABEB7A9B-98C8-41C1-80EE-36132D8D637A}.Ad-Hoc|Any CPU.Build.0 = Release|Any CPU
		{ABEB7A9B-98C8-41C1-80EE-36132D8D637A}.Ad-Hoc|Any CPU.Deploy.0 = Release|Any CPU
		{ABEB7A9B-98C8-41C1-80EE-36132D8D637A}.Ad-Hoc|ARM.ActiveCfg = Release|ARM
		{ABEB7A9B-98C8-41C1-80EE-36132D8D637A}.Ad-Hoc|ARM.Build.0 = Release|ARM
		{ABEB7A9B-98C8-41C1-80EE-36132D8D637A}.Ad-Hoc|ARM.Deploy.0 = Release|ARM
		{ABEB7A9B-98C8-41C1-80EE-36132D8D637A}.Ad-Hoc|iPhone.ActiveCfg = Release|Any CPU
		{ABEB7A9B-98C8-41C1-80EE-36132D8D637A}.Ad-Hoc|iPhone.Build.0 = Release|Any CPU
		{ABEB7A9B-98C8-41C1-80EE-36132D8D637A}.Ad-Hoc|iPhone.Deploy.0 = Release|Any CPU
		{ABEB7A9B-98C8-41C1-80EE-36132D8D637A}.Ad-Hoc|iPhoneSimulator.ActiveCfg = Release|Any CPU
		{ABEB7A9B-98C8-41C1-80EE-36132D8D637A}.Ad-Hoc|iPhoneSimulator.Build.0 = Release|Any CPU
		{ABEB7A9B-98C8-41C1-80EE-36132D8D637A}.Ad-Hoc|iPhoneSimulator.Deploy.0 = Release|Any CPU
		{ABEB7A9B-98C8-41C1-80EE-36132D8D637A}.Ad-Hoc|x64.ActiveCfg = Release|x64
		{ABEB7A9B-98C8-41C1-80EE-36132D8D637A}.Ad-Hoc|x64.Build.0 = Release|x64
		{ABEB7A9B-98C8-41C1-80EE-36132D8D637A}.Ad-Hoc|x64.Deploy.0 = Release|x64
		{ABEB7A9B-98C8-41C1-80EE-36132D8D637A}.Ad-Hoc|x86.ActiveCfg = Release|x86
		{ABEB7A9B-98C8-41C1-80EE-36132D8D637A}.Ad-Hoc|x86.Build.0 = Release|x86
		{ABEB7A9B-98C8-41C1-80EE-36132D8D637A}.Ad-Hoc|x86.Deploy.0 = Release|x86
		{ABEB7A9B-98C8-41C1-80EE-36132D8D637A}.AppStore|Any CPU.ActiveCfg = Release|Any CPU
		{ABEB7A9B-98C8-41C1-80EE-36132D8D637A}.AppStore|Any CPU.Build.0 = Release|Any CPU
		{ABEB7A9B-98C8-41C1-80EE-36132D8D637A}.AppStore|Any CPU.Deploy.0 = Release|Any CPU
		{ABEB7A9B-98C8-41C1-80EE-36132D8D637A}.AppStore|ARM.ActiveCfg = Release|ARM
		{ABEB7A9B-98C8-41C1-80EE-36132D8D637A}.AppStore|ARM.Build.0 = Release|ARM
		{ABEB7A9B-98C8-41C1-80EE-36132D8D637A}.AppStore|ARM.Deploy.0 = Release|ARM
		{ABEB7A9B-98C8-41C1-80EE-36132D8D637A}.AppStore|iPhone.ActiveCfg = Release|Any CPU
		{ABEB7A9B-98C8-41C1-80EE-36132D8D637A}.AppStore|iPhone.Build.0 = Release|Any CPU
		{ABEB7A9B-98C8-41C1-80EE-36132D8D637A}.AppStore|iPhone.Deploy.0 = Release|Any CPU
		{ABEB7A9B-98C8-41C1-80EE-36132D8D637A}.AppStore|iPhoneSimulator.ActiveCfg = Release|Any CPU
		{ABEB7A9B-98C8-41C1-80EE-36132D8D637A}.AppStore|iPhoneSimulator.Build.0 = Release|Any CPU
		{ABEB7A9B-98C8-41C1-80EE-36132D8D637A}.AppStore|iPhoneSimulator.Deploy.0 = Release|Any CPU
		{ABEB7A9B-98C8-41C1-80EE-36132D8D637A}.AppStore|x64.ActiveCfg = Release|x64
		{ABEB7A9B-98C8-41C1-80EE-36132D8D637A}.AppStore|x64.Build.0 = Release|x64
		{ABEB7A9B-98C8-41C1-80EE-36132D8D637A}.AppStore|x64.Deploy.0 = Release|x64
		{ABEB7A9B-98C8-41C1-80EE-36132D8D637A}.AppStore|x86.ActiveCfg = Release|x86
		{ABEB7A9B-98C8-41C1-80EE-36132D8D637A}.AppStore|x86.Build.0 = Release|x86
		{ABEB7A9B-98C8-41C1-80EE-36132D8D637A}.AppStore|x86.Deploy.0 = Release|x86
		{ABEB7A9B-98C8-41C1-80EE-36132D8D637A}.Debug|Any CPU.ActiveCfg = Debug|Any CPU
		{ABEB7A9B-98C8-41C1-80EE-36132D8D637A}.Debug|Any CPU.Build.0 = Debug|Any CPU
		{ABEB7A9B-98C8-41C1-80EE-36132D8D637A}.Debug|Any CPU.Deploy.0 = Debug|Any CPU
		{ABEB7A9B-98C8-41C1-80EE-36132D8D637A}.Debug|ARM.ActiveCfg = Debug|ARM
		{ABEB7A9B-98C8-41C1-80EE-36132D8D637A}.Debug|ARM.Build.0 = Debug|ARM
		{ABEB7A9B-98C8-41C1-80EE-36132D8D637A}.Debug|ARM.Deploy.0 = Debug|ARM
		{ABEB7A9B-98C8-41C1-80EE-36132D8D637A}.Debug|iPhone.ActiveCfg = Debug|Any CPU
		{ABEB7A9B-98C8-41C1-80EE-36132D8D637A}.Debug|iPhone.Build.0 = Debug|Any CPU
		{ABEB7A9B-98C8-41C1-80EE-36132D8D637A}.Debug|iPhone.Deploy.0 = Debug|Any CPU
		{ABEB7A9B-98C8-41C1-80EE-36132D8D637A}.Debug|iPhoneSimulator.ActiveCfg = Debug|Any CPU
		{ABEB7A9B-98C8-41C1-80EE-36132D8D637A}.Debug|iPhoneSimulator.Build.0 = Debug|Any CPU
		{ABEB7A9B-98C8-41C1-80EE-36132D8D637A}.Debug|iPhoneSimulator.Deploy.0 = Debug|Any CPU
		{ABEB7A9B-98C8-41C1-80EE-36132D8D637A}.Debug|x64.ActiveCfg = Debug|x64
		{ABEB7A9B-98C8-41C1-80EE-36132D8D637A}.Debug|x64.Build.0 = Debug|x64
		{ABEB7A9B-98C8-41C1-80EE-36132D8D637A}.Debug|x64.Deploy.0 = Debug|x64
		{ABEB7A9B-98C8-41C1-80EE-36132D8D637A}.Debug|x86.ActiveCfg = Debug|x86
		{ABEB7A9B-98C8-41C1-80EE-36132D8D637A}.Debug|x86.Build.0 = Debug|x86
		{ABEB7A9B-98C8-41C1-80EE-36132D8D637A}.Debug|x86.Deploy.0 = Debug|x86
		{ABEB7A9B-98C8-41C1-80EE-36132D8D637A}.Release|Any CPU.ActiveCfg = Release|Any CPU
		{ABEB7A9B-98C8-41C1-80EE-36132D8D637A}.Release|Any CPU.Build.0 = Release|Any CPU
		{ABEB7A9B-98C8-41C1-80EE-36132D8D637A}.Release|Any CPU.Deploy.0 = Release|Any CPU
		{ABEB7A9B-98C8-41C1-80EE-36132D8D637A}.Release|ARM.ActiveCfg = Release|ARM
		{ABEB7A9B-98C8-41C1-80EE-36132D8D637A}.Release|ARM.Build.0 = Release|ARM
		{ABEB7A9B-98C8-41C1-80EE-36132D8D637A}.Release|ARM.Deploy.0 = Release|ARM
		{ABEB7A9B-98C8-41C1-80EE-36132D8D637A}.Release|iPhone.ActiveCfg = Release|Any CPU
		{ABEB7A9B-98C8-41C1-80EE-36132D8D637A}.Release|iPhone.Build.0 = Release|Any CPU
		{ABEB7A9B-98C8-41C1-80EE-36132D8D637A}.Release|iPhone.Deploy.0 = Release|Any CPU
		{ABEB7A9B-98C8-41C1-80EE-36132D8D637A}.Release|iPhoneSimulator.ActiveCfg = Release|Any CPU
		{ABEB7A9B-98C8-41C1-80EE-36132D8D637A}.Release|iPhoneSimulator.Build.0 = Release|Any CPU
		{ABEB7A9B-98C8-41C1-80EE-36132D8D637A}.Release|iPhoneSimulator.Deploy.0 = Release|Any CPU
		{ABEB7A9B-98C8-41C1-80EE-36132D8D637A}.Release|x64.ActiveCfg = Release|x64
		{ABEB7A9B-98C8-41C1-80EE-36132D8D637A}.Release|x64.Build.0 = Release|x64
		{ABEB7A9B-98C8-41C1-80EE-36132D8D637A}.Release|x64.Deploy.0 = Release|x64
		{ABEB7A9B-98C8-41C1-80EE-36132D8D637A}.Release|x86.ActiveCfg = Release|x86
		{ABEB7A9B-98C8-41C1-80EE-36132D8D637A}.Release|x86.Build.0 = Release|x86
		{ABEB7A9B-98C8-41C1-80EE-36132D8D637A}.Release|x86.Deploy.0 = Release|x86
	EndGlobalSection
	GlobalSection(SolutionProperties) = preSolution
		HideSolutionNode = FALSE
	EndGlobalSection
EndGlobal
